
Microsoft Visual Studio Solution File, Format Version 12.00
# Visual Studio Version 17
VisualStudioVersion = 17.10.34804.81
MinimumVisualStudioVersion = 10.0.40219.1
Project("{9A19103F-16F7-4668-BE54-9A1E7A4F7556}") = "SSDLDotNetLearning.ConsoleApp", "SSDLDotNetLearning.ConsoleApp\SSDLDotNetLearning.ConsoleApp.csproj", "{14CA6FBD-CE1D-444C-946B-F03130CCB394}"
EndProject
Project("{FAE04EC0-301F-11D3-BF4B-00C04F79EFBC}") = "SSDLDotNetLearning.ConsoleApp2", "SSDLDotNetLearning.ConsoleApp2\SSDLDotNetLearning.ConsoleApp2.csproj", "{CE49103F-4713-4369-B942-3E1FBD2FC2BA}"
EndProject
Global
	GlobalSection(SolutionConfigurationPlatforms) = preSolution
		Debug|Any CPU = Debug|Any CPU
		Release|Any CPU = Release|Any CPU
	EndGlobalSection
	GlobalSection(ProjectConfigurationPlatforms) = postSolution
		{14CA6FBD-CE1D-444C-946B-F03130CCB394}.Debug|Any CPU.ActiveCfg = Debug|Any CPU
		{14CA6FBD-CE1D-444C-946B-F03130CCB394}.Debug|Any CPU.Build.0 = Debug|Any CPU
		{14CA6FBD-CE1D-444C-946B-F03130CCB394}.Release|Any CPU.ActiveCfg = Release|Any CPU
		{14CA6FBD-CE1D-444C-946B-F03130CCB394}.Release|Any CPU.Build.0 = Release|Any CPU
		{CE49103F-4713-4369-B942-3E1FBD2FC2BA}.Debug|Any CPU.ActiveCfg = Debug|Any CPU
		{CE49103F-4713-4369-B942-3E1FBD2FC2BA}.Debug|Any CPU.Build.0 = Debug|Any CPU
		{CE49103F-4713-4369-B942-3E1FBD2FC2BA}.Release|Any CPU.ActiveCfg = Release|Any CPU
		{CE49103F-4713-4369-B942-3E1FBD2FC2BA}.Release|Any CPU.Build.0 = Release|Any CPU
	EndGlobalSection
	GlobalSection(SolutionProperties) = preSolution
		HideSolutionNode = FALSE
	EndGlobalSection
	GlobalSection(ExtensibilityGlobals) = postSolution
		SolutionGuid = {74A0A352-E252-4432-9183-F32FECD7932F}
	EndGlobalSection
EndGlobal
